
Microsoft Visual Studio Solution File, Format Version 12.00
# Visual Studio 15
VisualStudioVersion = 15.0.27703.2026
MinimumVisualStudioVersion = 10.0.40219.1
Project("{FAE04EC0-301F-11D3-BF4B-00C04F79EFBC}") = "PokerOnline", "PokerOnline\PokerOnline.csproj", "{3AF0F13E-D1ED-473D-8F0C-1E7A5499EC08}"
EndProject
Global
	GlobalSection(SolutionConfigurationPlatforms) = preSolution
		Debug|Any CPU = Debug|Any CPU
		Release|Any CPU = Release|Any CPU
	EndGlobalSection
	GlobalSection(ProjectConfigurationPlatforms) = postSolution
		{3AF0F13E-D1ED-473D-8F0C-1E7A5499EC08}.Debug|Any CPU.ActiveCfg = Debug|Any CPU
		{3AF0F13E-D1ED-473D-8F0C-1E7A5499EC08}.Debug|Any CPU.Build.0 = Debug|Any CPU
		{3AF0F13E-D1ED-473D-8F0C-1E7A5499EC08}.Release|Any CPU.ActiveCfg = Release|Any CPU
		{3AF0F13E-D1ED-473D-8F0C-1E7A5499EC08}.Release|Any CPU.Build.0 = Release|Any CPU
	EndGlobalSection
	GlobalSection(SolutionProperties) = preSolution
		HideSolutionNode = FALSE
	EndGlobalSection
	GlobalSection(ExtensibilityGlobals) = postSolution
		SolutionGuid = {E1FADC22-FF2B-4024-AD9C-A71363F2BAA4}
	EndGlobalSection
EndGlobal
